
Microsoft Visual Studio Solution File, Format Version 12.00
# Visual Studio Version 16
VisualStudioVersion = 16.0.30907.101
MinimumVisualStudioVersion = 10.0.40219.1
Project("{FAE04EC0-301F-11D3-BF4B-00C04F79EFBC}") = "EB.HomeDevStudy.Main", "EB.HomeDevStudy.BlackJackGame\EB.HomeDevStudy.Main.csproj", "{80885840-6097-4DA6-A394-D0A6301A1D6A}"
EndProject
Global
	GlobalSection(SolutionConfigurationPlatforms) = preSolution
		Debug|Any CPU = Debug|Any CPU
		Release|Any CPU = Release|Any CPU
	EndGlobalSection
	GlobalSection(ProjectConfigurationPlatforms) = postSolution
		{80885840-6097-4DA6-A394-D0A6301A1D6A}.Debug|Any CPU.ActiveCfg = Debug|Any CPU
		{80885840-6097-4DA6-A394-D0A6301A1D6A}.Debug|Any CPU.Build.0 = Debug|Any CPU
		{80885840-6097-4DA6-A394-D0A6301A1D6A}.Release|Any CPU.ActiveCfg = Release|Any CPU
		{80885840-6097-4DA6-A394-D0A6301A1D6A}.Release|Any CPU.Build.0 = Release|Any CPU
	EndGlobalSection
	GlobalSection(SolutionProperties) = preSolution
		HideSolutionNode = FALSE
	EndGlobalSection
	GlobalSection(ExtensibilityGlobals) = postSolution
		SolutionGuid = {CA4E9E99-A26A-47D6-A9EE-4F298A619037}
	EndGlobalSection
EndGlobal
